
Microsoft Visual Studio Solution File, Format Version 12.00
# Visual Studio 15
VisualStudioVersion = 15.0.28010.2048
MinimumVisualStudioVersion = 10.0.40219.1
Project("{FAE04EC0-301F-11D3-BF4B-00C04F79EFBC}") = "Aroima.Plugins.Skirt", "Aroima.Plugins.Skirt\Aroima.Plugins.Skirt.csproj", "{2243C4CD-E6AE-4CFC-BAF1-636D5C72A390}"
EndProject
Project("{FAE04EC0-301F-11D3-BF4B-00C04F79EFBC}") = "Aroima.Plugins.SkirtTest", "Aroima.Plugins.SkirtTest\Aroima.Plugins.SkirtTest.csproj", "{D7A96A85-3DFF-4042-A138-A8BAAC449ACF}"
EndProject
Project("{FAE04EC0-301F-11D3-BF4B-00C04F79EFBC}") = "Aroima.Plugins.FormTest", "Aroima.Plugins.FormTest\Aroima.Plugins.FormTest.csproj", "{03D9C262-7E8B-4282-8108-1C84FF4FEB11}"
EndProject
Global
	GlobalSection(SolutionConfigurationPlatforms) = preSolution
		Debug|Any CPU = Debug|Any CPU
		Release|Any CPU = Release|Any CPU
	EndGlobalSection
	GlobalSection(ProjectConfigurationPlatforms) = postSolution
		{2243C4CD-E6AE-4CFC-BAF1-636D5C72A390}.Debug|Any CPU.ActiveCfg = Debug|Any CPU
		{2243C4CD-E6AE-4CFC-BAF1-636D5C72A390}.Debug|Any CPU.Build.0 = Debug|Any CPU
		{2243C4CD-E6AE-4CFC-BAF1-636D5C72A390}.Release|Any CPU.ActiveCfg = Release|Any CPU
		{2243C4CD-E6AE-4CFC-BAF1-636D5C72A390}.Release|Any CPU.Build.0 = Release|Any CPU
		{D7A96A85-3DFF-4042-A138-A8BAAC449ACF}.Debug|Any CPU.ActiveCfg = Debug|Any CPU
		{D7A96A85-3DFF-4042-A138-A8BAAC449ACF}.Debug|Any CPU.Build.0 = Debug|Any CPU
		{D7A96A85-3DFF-4042-A138-A8BAAC449ACF}.Release|Any CPU.ActiveCfg = Release|Any CPU
		{D7A96A85-3DFF-4042-A138-A8BAAC449ACF}.Release|Any CPU.Build.0 = Release|Any CPU
		{03D9C262-7E8B-4282-8108-1C84FF4FEB11}.Debug|Any CPU.ActiveCfg = Debug|Any CPU
		{03D9C262-7E8B-4282-8108-1C84FF4FEB11}.Debug|Any CPU.Build.0 = Debug|Any CPU
		{03D9C262-7E8B-4282-8108-1C84FF4FEB11}.Release|Any CPU.ActiveCfg = Release|Any CPU
		{03D9C262-7E8B-4282-8108-1C84FF4FEB11}.Release|Any CPU.Build.0 = Release|Any CPU
	EndGlobalSection
	GlobalSection(SolutionProperties) = preSolution
		HideSolutionNode = FALSE
	EndGlobalSection
	GlobalSection(ExtensibilityGlobals) = postSolution
		SolutionGuid = {0C7C7492-5AB6-4CBD-90F6-E53648CC1FA4}
	EndGlobalSection
EndGlobal
